
Microsoft Visual Studio Solution File, Format Version 12.00
# Visual Studio Version 17
VisualStudioVersion = 17.8.34525.116
MinimumVisualStudioVersion = 10.0.40219.1
Project("{9A19103F-16F7-4668-BE54-9A1E7A4F7556}") = "HelpDeskTrain", "HelpDeskTrain.csproj", "{16C6380D-3C24-4201-9410-5AF1966D9894}"
EndProject
Global
	GlobalSection(SolutionConfigurationPlatforms) = preSolution
		Debug|Any CPU = Debug|Any CPU
		Release|Any CPU = Release|Any CPU
	EndGlobalSection
	GlobalSection(ProjectConfigurationPlatforms) = postSolution
		{16C6380D-3C24-4201-9410-5AF1966D9894}.Debug|Any CPU.ActiveCfg = Debug|Any CPU
		{16C6380D-3C24-4201-9410-5AF1966D9894}.Debug|Any CPU.Build.0 = Debug|Any CPU
		{16C6380D-3C24-4201-9410-5AF1966D9894}.Release|Any CPU.ActiveCfg = Release|Any CPU
		{16C6380D-3C24-4201-9410-5AF1966D9894}.Release|Any CPU.Build.0 = Release|Any CPU
	EndGlobalSection
	GlobalSection(SolutionProperties) = preSolution
		HideSolutionNode = FALSE
	EndGlobalSection
	GlobalSection(ExtensibilityGlobals) = postSolution
		SolutionGuid = {78E76671-AC43-4A4D-AE0B-56C9FD23E900}
	EndGlobalSection
EndGlobal
